// !$*UTF8*$!
{
	archiveVersion = 1;
	classes = {
	};
	objectVersion = 55;
	objects = {

/* Begin PBXGroup section */
		71A35BD827CCCB44005A139A = {
			isa = PBXGroup;
			children = (
			);
			sourceTree = "<group>";
		};
/* End PBXGroup section */

/* Begin PBXProject section */
		71A35BD927CCCB44005A139A /* Project object */ = {
			isa = PBXProject;
			attributes = {
				BuildIndependentTargetsInParallel = 1;
				LastUpgradeCheck = 1320;
			};
			buildConfigurationList = 71A35BDC27CCCB44005A139A /* Build configuration list for PBXProject "Algorithms and Data Structures" */;
			compatibilityVersion = "Xcode 13.0";
			developmentRegion = en;
			hasScannedForEncodings = 0;
			knownRegions = (
				en,
				Base,
			);
			mainGroup = 71A35BD827CCCB44005A139A;
			projectDirPath = "";
			projectRoot = "";
			targets = (
			);
		};
/* End PBXProject section */

/* Begin XCBuildConfiguration section */
		71A35BDD27CCCB44005A139A /* Debug */ = {
			isa = XCBuildConfiguration;
			buildSettings = {
			};
			name = Debug;
		};
		71A35BDE27CCCB44005A139A /* Release */ = {
			isa = XCBuildConfiguration;
			buildSettings = {
			};
			name = Release;
		};
/* End XCBuildConfiguration section */

/* Begin XCConfigurationList section */
		71A35BDC27CCCB44005A139A /* Build configuration list for PBXProject "Algorithms and Data Structures" */ = {
			isa = XCConfigurationList;
			buildConfigurations = (
				71A35BDD27CCCB44005A139A /* Debug */,
				71A35BDE27CCCB44005A139A /* Release */,
			);
			defaultConfigurationIsVisible = 0;
			defaultConfigurationName = Release;
		};
/* End XCConfigurationList section */
	};
	rootObject = 71A35BD927CCCB44005A139A /* Project object */;
}
